
Microsoft Visual Studio Solution File, Format Version 12.00
# Visual Studio Version 17
VisualStudioVersion = 17.5.002.0
MinimumVisualStudioVersion = 10.0.40219.1
Project("{2150E333-8FDC-42A3-9474-1A3956D46DE8}") = "csharp-prep", "csharp-prep", "{02823604-A855-4F8B-9ED9-DD964F16D0AF}"
EndProject
Project("{9A19103F-16F7-4668-BE54-9A1E7A4F7556}") = "Prep1", "csharp-prep\Prep1\Prep1.csproj", "{AEB5F4F8-6621-4C11-8FEE-C110603396C6}"
EndProject
Project("{9A19103F-16F7-4668-BE54-9A1E7A4F7556}") = "Prep2", "csharp-prep\Prep2\Prep2.csproj", "{BC9886B5-6D17-4426-B7BE-3AED37D5673A}"
EndProject
Project("{9A19103F-16F7-4668-BE54-9A1E7A4F7556}") = "Prep3", "csharp-prep\Prep3\Prep3.csproj", "{7B1FA2C0-945C-4B07-B653-6E62658C9D88}"
EndProject
Project("{9A19103F-16F7-4668-BE54-9A1E7A4F7556}") = "Prep4", "csharp-prep\Prep4\Prep4.csproj", "{DAAAF20E-AF27-4499-B8C7-5285EA50A316}"
EndProject
Project("{9A19103F-16F7-4668-BE54-9A1E7A4F7556}") = "Prep5", "csharp-prep\Prep5\Prep5.csproj", "{93825852-5B62-4093-9335-AE4C3DF9ED97}"
EndProject
Project("{2150E333-8FDC-42A3-9474-1A3956D46DE8}") = "final", "final", "{E802DE5F-F744-4BC7-AD2B-7181CF211F5A}"
EndProject
Project("{9A19103F-16F7-4668-BE54-9A1E7A4F7556}") = "FinalProject", "final\FinalProject\FinalProject.csproj", "{D6375BBF-C522-49C1-9402-B0112B970198}"
EndProject
Project("{9A19103F-16F7-4668-BE54-9A1E7A4F7556}") = "Foundation1", "final\Foundation1\Foundation1.csproj", "{7D7B11D9-1C42-49D0-8163-6AC9E2290BEF}"
EndProject
Project("{9A19103F-16F7-4668-BE54-9A1E7A4F7556}") = "Foundation2", "final\Foundation2\Foundation2.csproj", "{D98AEC40-626C-4DEE-A882-CA0F55A3DF99}"
EndProject
Project("{9A19103F-16F7-4668-BE54-9A1E7A4F7556}") = "Foundation3", "final\Foundation3\Foundation3.csproj", "{4A4A3FA0-B1D6-4751-A4A2-D4AFDE778939}"
EndProject
Project("{9A19103F-16F7-4668-BE54-9A1E7A4F7556}") = "Foundation4", "final\Foundation4\Foundation4.csproj", "{CBE9B0F2-FD66-4A8B-9902-5B0128A1780F}"
EndProject
Project("{2150E333-8FDC-42A3-9474-1A3956D46DE8}") = "prepare", "prepare", "{95DBFC56-D9BB-473B-BEDB-3B7BE0033521}"
EndProject
Project("{9A19103F-16F7-4668-BE54-9A1E7A4F7556}") = "Learning02", "prepare\Learning02\Learning02.csproj", "{094689A6-86D9-44B0-8B8D-74EE30424A52}"
EndProject
Project("{9A19103F-16F7-4668-BE54-9A1E7A4F7556}") = "Learning03", "prepare\Learning03\Learning03.csproj", "{5F9948ED-68A5-4E29-8381-81524C3CAE05}"
EndProject
Project("{9A19103F-16F7-4668-BE54-9A1E7A4F7556}") = "Learning04", "prepare\Learning04\Learning04.csproj", "{A5D6C2F1-0E4A-4BF2-9986-16A875104CC5}"
EndProject
Project("{9A19103F-16F7-4668-BE54-9A1E7A4F7556}") = "Learning05", "prepare\Learning05\Learning05.csproj", "{E0653C75-99AF-47F6-AA6F-28257E83F4D4}"
EndProject
Project("{2150E333-8FDC-42A3-9474-1A3956D46DE8}") = "prove", "prove", "{B0C06B57-8FCE-44A2-98F3-7A5A274F58B9}"
EndProject
Project("{9A19103F-16F7-4668-BE54-9A1E7A4F7556}") = "Develop02", "prove\Develop02\Develop02.csproj", "{FE469AFB-536D-4695-8A41-2B9144ACA10A}"
EndProject
Project("{9A19103F-16F7-4668-BE54-9A1E7A4F7556}") = "Develop03", "prove\Develop03\Develop03.csproj", "{37C1CE47-989F-430D-A5EF-39E923DC590A}"
EndProject
Project("{9A19103F-16F7-4668-BE54-9A1E7A4F7556}") = "Develop04", "prove\Develop04\Develop04.csproj", "{B8E641E8-D5B5-454F-9634-A72A01CF055D}"
EndProject
Project("{9A19103F-16F7-4668-BE54-9A1E7A4F7556}") = "Develop05", "prove\Develop05\Develop05.csproj", "{DB25487C-84DB-4AE7-A305-60CB518D8A6A}"
EndProject
Project("{2150E333-8FDC-42A3-9474-1A3956D46DE8}") = "sandbox", "sandbox", "{BCBC6C3F-C500-45BA-9B7D-78D0009CFAE3}"
EndProject
Project("{9A19103F-16F7-4668-BE54-9A1E7A4F7556}") = "Sandbox", "sandbox\Sandbox\Sandbox.csproj", "{BC9CC32B-D9CC-4FEF-B533-9B794467F79A}"
EndProject
Global
	GlobalSection(SolutionConfigurationPlatforms) = preSolution
		Debug|Any CPU = Debug|Any CPU
		Release|Any CPU = Release|Any CPU
	EndGlobalSection
	GlobalSection(ProjectConfigurationPlatforms) = postSolution
		{AEB5F4F8-6621-4C11-8FEE-C110603396C6}.Debug|Any CPU.ActiveCfg = Debug|Any CPU
		{AEB5F4F8-6621-4C11-8FEE-C110603396C6}.Debug|Any CPU.Build.0 = Debug|Any CPU
		{AEB5F4F8-6621-4C11-8FEE-C110603396C6}.Release|Any CPU.ActiveCfg = Release|Any CPU
		{AEB5F4F8-6621-4C11-8FEE-C110603396C6}.Release|Any CPU.Build.0 = Release|Any CPU
		{BC9886B5-6D17-4426-B7BE-3AED37D5673A}.Debug|Any CPU.ActiveCfg = Debug|Any CPU
		{BC9886B5-6D17-4426-B7BE-3AED37D5673A}.Debug|Any CPU.Build.0 = Debug|Any CPU
		{BC9886B5-6D17-4426-B7BE-3AED37D5673A}.Release|Any CPU.ActiveCfg = Release|Any CPU
		{BC9886B5-6D17-4426-B7BE-3AED37D5673A}.Release|Any CPU.Build.0 = Release|Any CPU
		{7B1FA2C0-945C-4B07-B653-6E62658C9D88}.Debug|Any CPU.ActiveCfg = Debug|Any CPU
		{7B1FA2C0-945C-4B07-B653-6E62658C9D88}.Debug|Any CPU.Build.0 = Debug|Any CPU
		{7B1FA2C0-945C-4B07-B653-6E62658C9D88}.Release|Any CPU.ActiveCfg = Release|Any CPU
		{7B1FA2C0-945C-4B07-B653-6E62658C9D88}.Release|Any CPU.Build.0 = Release|Any CPU
		{DAAAF20E-AF27-4499-B8C7-5285EA50A316}.Debug|Any CPU.ActiveCfg = Debug|Any CPU
		{DAAAF20E-AF27-4499-B8C7-5285EA50A316}.Debug|Any CPU.Build.0 = Debug|Any CPU
		{DAAAF20E-AF27-4499-B8C7-5285EA50A316}.Release|Any CPU.ActiveCfg = Release|Any CPU
		{DAAAF20E-AF27-4499-B8C7-5285EA50A316}.Release|Any CPU.Build.0 = Release|Any CPU
		{93825852-5B62-4093-9335-AE4C3DF9ED97}.Debug|Any CPU.ActiveCfg = Debug|Any CPU
		{93825852-5B62-4093-9335-AE4C3DF9ED97}.Debug|Any CPU.Build.0 = Debug|Any CPU
		{93825852-5B62-4093-9335-AE4C3DF9ED97}.Release|Any CPU.ActiveCfg = Release|Any CPU
		{93825852-5B62-4093-9335-AE4C3DF9ED97}.Release|Any CPU.Build.0 = Release|Any CPU
		{D6375BBF-C522-49C1-9402-B0112B970198}.Debug|Any CPU.ActiveCfg = Debug|Any CPU
		{D6375BBF-C522-49C1-9402-B0112B970198}.Debug|Any CPU.Build.0 = Debug|Any CPU
		{D6375BBF-C522-49C1-9402-B0112B970198}.Release|Any CPU.ActiveCfg = Release|Any CPU
		{D6375BBF-C522-49C1-9402-B0112B970198}.Release|Any CPU.Build.0 = Release|Any CPU
		{7D7B11D9-1C42-49D0-8163-6AC9E2290BEF}.Debug|Any CPU.ActiveCfg = Debug|Any CPU
		{7D7B11D9-1C42-49D0-8163-6AC9E2290BEF}.Debug|Any CPU.Build.0 = Debug|Any CPU
		{7D7B11D9-1C42-49D0-8163-6AC9E2290BEF}.Release|Any CPU.ActiveCfg = Release|Any CPU
		{7D7B11D9-1C42-49D0-8163-6AC9E2290BEF}.Release|Any CPU.Build.0 = Release|Any CPU
		{D98AEC40-626C-4DEE-A882-CA0F55A3DF99}.Debug|Any CPU.ActiveCfg = Debug|Any CPU
		{D98AEC40-626C-4DEE-A882-CA0F55A3DF99}.Debug|Any CPU.Build.0 = Debug|Any CPU
		{D98AEC40-626C-4DEE-A882-CA0F55A3DF99}.Release|Any CPU.ActiveCfg = Release|Any CPU
		{D98AEC40-626C-4DEE-A882-CA0F55A3DF99}.Release|Any CPU.Build.0 = Release|Any CPU
		{4A4A3FA0-B1D6-4751-A4A2-D4AFDE778939}.Debug|Any CPU.ActiveCfg = Debug|Any CPU
		{4A4A3FA0-B1D6-4751-A4A2-D4AFDE778939}.Debug|Any CPU.Build.0 = Debug|Any CPU
		{4A4A3FA0-B1D6-4751-A4A2-D4AFDE778939}.Release|Any CPU.ActiveCfg = Release|Any CPU
		{4A4A3FA0-B1D6-4751-A4A2-D4AFDE778939}.Release|Any CPU.Build.0 = Release|Any CPU
		{CBE9B0F2-FD66-4A8B-9902-5B0128A1780F}.Debug|Any CPU.ActiveCfg = Debug|Any CPU
		{CBE9B0F2-FD66-4A8B-9902-5B0128A1780F}.Debug|Any CPU.Build.0 = Debug|Any CPU
		{CBE9B0F2-FD66-4A8B-9902-5B0128A1780F}.Release|Any CPU.ActiveCfg = Release|Any CPU
		{CBE9B0F2-FD66-4A8B-9902-5B0128A1780F}.Release|Any CPU.Build.0 = Release|Any CPU
		{094689A6-86D9-44B0-8B8D-74EE30424A52}.Debug|Any CPU.ActiveCfg = Debug|Any CPU
		{094689A6-86D9-44B0-8B8D-74EE30424A52}.Debug|Any CPU.Build.0 = Debug|Any CPU
		{094689A6-86D9-44B0-8B8D-74EE30424A52}.Release|Any CPU.ActiveCfg = Release|Any CPU
		{094689A6-86D9-44B0-8B8D-74EE30424A52}.Release|Any CPU.Build.0 = Release|Any CPU
		{5F9948ED-68A5-4E29-8381-81524C3CAE05}.Debug|Any CPU.ActiveCfg = Debug|Any CPU
		{5F9948ED-68A5-4E29-8381-81524C3CAE05}.Debug|Any CPU.Build.0 = Debug|Any CPU
		{5F9948ED-68A5-4E29-8381-81524C3CAE05}.Release|Any CPU.ActiveCfg = Release|Any CPU
		{5F9948ED-68A5-4E29-8381-81524C3CAE05}.Release|Any CPU.Build.0 = Release|Any CPU
		{A5D6C2F1-0E4A-4BF2-9986-16A875104CC5}.Debug|Any CPU.ActiveCfg = Debug|Any CPU
		{A5D6C2F1-0E4A-4BF2-9986-16A875104CC5}.Debug|Any CPU.Build.0 = Debug|Any CPU
		{A5D6C2F1-0E4A-4BF2-9986-16A875104CC5}.Release|Any CPU.ActiveCfg = Release|Any CPU
		{A5D6C2F1-0E4A-4BF2-9986-16A875104CC5}.Release|Any CPU.Build.0 = Release|Any CPU
		{E0653C75-99AF-47F6-AA6F-28257E83F4D4}.Debug|Any CPU.ActiveCfg = Debug|Any CPU
		{E0653C75-99AF-47F6-AA6F-28257E83F4D4}.Debug|Any CPU.Build.0 = Debug|Any CPU
		{E0653C75-99AF-47F6-AA6F-28257E83F4D4}.Release|Any CPU.ActiveCfg = Release|Any CPU
		{E0653C75-99AF-47F6-AA6F-28257E83F4D4}.Release|Any CPU.Build.0 = Release|Any CPU
		{FE469AFB-536D-4695-8A41-2B9144ACA10A}.Debug|Any CPU.ActiveCfg = Debug|Any CPU
		{FE469AFB-536D-4695-8A41-2B9144ACA10A}.Debug|Any CPU.Build.0 = Debug|Any CPU
		{FE469AFB-536D-4695-8A41-2B9144ACA10A}.Release|Any CPU.ActiveCfg = Release|Any CPU
		{FE469AFB-536D-4695-8A41-2B9144ACA10A}.Release|Any CPU.Build.0 = Release|Any CPU
		{37C1CE47-989F-430D-A5EF-39E923DC590A}.Debug|Any CPU.ActiveCfg = Debug|Any CPU
		{37C1CE47-989F-430D-A5EF-39E923DC590A}.Debug|Any CPU.Build.0 = Debug|Any CPU
		{37C1CE47-989F-430D-A5EF-39E923DC590A}.Release|Any CPU.ActiveCfg = Release|Any CPU
		{37C1CE47-989F-430D-A5EF-39E923DC590A}.Release|Any CPU.Build.0 = Release|Any CPU
		{B8E641E8-D5B5-454F-9634-A72A01CF055D}.Debug|Any CPU.ActiveCfg = Debug|Any CPU
		{B8E641E8-D5B5-454F-9634-A72A01CF055D}.Debug|Any CPU.Build.0 = Debug|Any CPU
		{B8E641E8-D5B5-454F-9634-A72A01CF055D}.Release|Any CPU.ActiveCfg = Release|Any CPU
		{B8E641E8-D5B5-454F-9634-A72A01CF055D}.Release|Any CPU.Build.0 = Release|Any CPU
		{DB25487C-84DB-4AE7-A305-60CB518D8A6A}.Debug|Any CPU.ActiveCfg = Debug|Any CPU
		{DB25487C-84DB-4AE7-A305-60CB518D8A6A}.Debug|Any CPU.Build.0 = Debug|Any CPU
		{DB25487C-84DB-4AE7-A305-60CB518D8A6A}.Release|Any CPU.ActiveCfg = Release|Any CPU
		{DB25487C-84DB-4AE7-A305-60CB518D8A6A}.Release|Any CPU.Build.0 = Release|Any CPU
		{BC9CC32B-D9CC-4FEF-B533-9B794467F79A}.Debug|Any CPU.ActiveCfg = Debug|Any CPU
		{BC9CC32B-D9CC-4FEF-B533-9B794467F79A}.Debug|Any CPU.Build.0 = Debug|Any CPU
		{BC9CC32B-D9CC-4FEF-B533-9B794467F79A}.Release|Any CPU.ActiveCfg = Release|Any CPU
		{BC9CC32B-D9CC-4FEF-B533-9B794467F79A}.Release|Any CPU.Build.0 = Release|Any CPU
	EndGlobalSection
	GlobalSection(SolutionProperties) = preSolution
		HideSolutionNode = FALSE
	EndGlobalSection
	GlobalSection(NestedProjects) = preSolution
		{AEB5F4F8-6621-4C11-8FEE-C110603396C6} = {02823604-A855-4F8B-9ED9-DD964F16D0AF}
		{BC9886B5-6D17-4426-B7BE-3AED37D5673A} = {02823604-A855-4F8B-9ED9-DD964F16D0AF}
		{7B1FA2C0-945C-4B07-B653-6E62658C9D88} = {02823604-A855-4F8B-9ED9-DD964F16D0AF}
		{DAAAF20E-AF27-4499-B8C7-5285EA50A316} = {02823604-A855-4F8B-9ED9-DD964F16D0AF}
		{93825852-5B62-4093-9335-AE4C3DF9ED97} = {02823604-A855-4F8B-9ED9-DD964F16D0AF}
		{D6375BBF-C522-49C1-9402-B0112B970198} = {E802DE5F-F744-4BC7-AD2B-7181CF211F5A}
		{7D7B11D9-1C42-49D0-8163-6AC9E2290BEF} = {E802DE5F-F744-4BC7-AD2B-7181CF211F5A}
		{D98AEC40-626C-4DEE-A882-CA0F55A3DF99} = {E802DE5F-F744-4BC7-AD2B-7181CF211F5A}
		{4A4A3FA0-B1D6-4751-A4A2-D4AFDE778939} = {E802DE5F-F744-4BC7-AD2B-7181CF211F5A}
		{CBE9B0F2-FD66-4A8B-9902-5B0128A1780F} = {E802DE5F-F744-4BC7-AD2B-7181CF211F5A}
		{094689A6-86D9-44B0-8B8D-74EE30424A52} = {95DBFC56-D9BB-473B-BEDB-3B7BE0033521}
		{5F9948ED-68A5-4E29-8381-81524C3CAE05} = {95DBFC56-D9BB-473B-BEDB-3B7BE0033521}
		{A5D6C2F1-0E4A-4BF2-9986-16A875104CC5} = {95DBFC56-D9BB-473B-BEDB-3B7BE0033521}
		{E0653C75-99AF-47F6-AA6F-28257E83F4D4} = {95DBFC56-D9BB-473B-BEDB-3B7BE0033521}
		{FE469AFB-536D-4695-8A41-2B9144ACA10A} = {B0C06B57-8FCE-44A2-98F3-7A5A274F58B9}
		{37C1CE47-989F-430D-A5EF-39E923DC590A} = {B0C06B57-8FCE-44A2-98F3-7A5A274F58B9}
		{B8E641E8-D5B5-454F-9634-A72A01CF055D} = {B0C06B57-8FCE-44A2-98F3-7A5A274F58B9}
		{DB25487C-84DB-4AE7-A305-60CB518D8A6A} = {B0C06B57-8FCE-44A2-98F3-7A5A274F58B9}
		{BC9CC32B-D9CC-4FEF-B533-9B794467F79A} = {BCBC6C3F-C500-45BA-9B7D-78D0009CFAE3}
	EndGlobalSection
	GlobalSection(ExtensibilityGlobals) = postSolution
		SolutionGuid = {88BB7DA2-AFE7-456C-9E2C-135D1FC0FABC}
	EndGlobalSection
EndGlobal
